
Microsoft Visual Studio Solution File, Format Version 12.00
# Visual Studio Version 16
VisualStudioVersion = 16.0.30523.141
MinimumVisualStudioVersion = 10.0.40219.1
Project("{FAE04EC0-301F-11D3-BF4B-00C04F79EFBC}") = "WebApi", "WebApi\WebApi.csproj", "{27C3F44B-D822-4F52-AD55-C73ACE74AA61}"
EndProject
Global
	GlobalSection(SolutionConfigurationPlatforms) = preSolution
		Debug|Any CPU = Debug|Any CPU
		Release|Any CPU = Release|Any CPU
	EndGlobalSection
	GlobalSection(ProjectConfigurationPlatforms) = postSolution
		{27C3F44B-D822-4F52-AD55-C73ACE74AA61}.Debug|Any CPU.ActiveCfg = Debug|Any CPU
		{27C3F44B-D822-4F52-AD55-C73ACE74AA61}.Debug|Any CPU.Build.0 = Debug|Any CPU
		{27C3F44B-D822-4F52-AD55-C73ACE74AA61}.Release|Any CPU.ActiveCfg = Release|Any CPU
		{27C3F44B-D822-4F52-AD55-C73ACE74AA61}.Release|Any CPU.Build.0 = Release|Any CPU
	EndGlobalSection
	GlobalSection(SolutionProperties) = preSolution
		HideSolutionNode = FALSE
	EndGlobalSection
	GlobalSection(ExtensibilityGlobals) = postSolution
		SolutionGuid = {3F6EC321-074F-4597-99C0-08A24434F7B8}
	EndGlobalSection
EndGlobal
